
Microsoft Visual Studio Solution File, Format Version 12.00
# Visual Studio Version 17
VisualStudioVersion = 17.10.35122.118
MinimumVisualStudioVersion = 10.0.40219.1
Project("{FAE04EC0-301F-11D3-BF4B-00C04F79EFBC}") = "WebApi", "WebApi.csproj", "{AD086F19-1AC3-446E-9062-14981E02C2FC}"
EndProject
Global
	GlobalSection(SolutionConfigurationPlatforms) = preSolution
		Debug|Any CPU = Debug|Any CPU
		Release|Any CPU = Release|Any CPU
	EndGlobalSection
	GlobalSection(ProjectConfigurationPlatforms) = postSolution
		{AD086F19-1AC3-446E-9062-14981E02C2FC}.Debug|Any CPU.ActiveCfg = Debug|Any CPU
		{AD086F19-1AC3-446E-9062-14981E02C2FC}.Debug|Any CPU.Build.0 = Debug|Any CPU
		{AD086F19-1AC3-446E-9062-14981E02C2FC}.Release|Any CPU.ActiveCfg = Release|Any CPU
		{AD086F19-1AC3-446E-9062-14981E02C2FC}.Release|Any CPU.Build.0 = Release|Any CPU
	EndGlobalSection
	GlobalSection(SolutionProperties) = preSolution
		HideSolutionNode = FALSE
	EndGlobalSection
	GlobalSection(ExtensibilityGlobals) = postSolution
		SolutionGuid = {B2DB8BD1-D025-48AE-8990-4E99D1E09E02}
	EndGlobalSection
EndGlobal
